
Microsoft Visual Studio Solution File, Format Version 12.00
# Visual Studio 15
VisualStudioVersion = 15.0.26730.12
MinimumVisualStudioVersion = 10.0.40219.1
Project("{8BC9CEB8-8B4A-11D0-8D11-00A0C91BC942}") = "Projeto7", "Projeto7\Projeto7.vcxproj", "{E18239F5-6230-4990-9455-0D056537EF7E}"
EndProject
Global
	GlobalSection(SolutionConfigurationPlatforms) = preSolution
		Debug|x64 = Debug|x64
		Debug|x86 = Debug|x86
		Release|x64 = Release|x64
		Release|x86 = Release|x86
	EndGlobalSection
	GlobalSection(ProjectConfigurationPlatforms) = postSolution
		{E18239F5-6230-4990-9455-0D056537EF7E}.Debug|x64.ActiveCfg = Debug|x64
		{E18239F5-6230-4990-9455-0D056537EF7E}.Debug|x64.Build.0 = Debug|x64
		{E18239F5-6230-4990-9455-0D056537EF7E}.Debug|x86.ActiveCfg = Debug|Win32
		{E18239F5-6230-4990-9455-0D056537EF7E}.Debug|x86.Build.0 = Debug|Win32
		{E18239F5-6230-4990-9455-0D056537EF7E}.Release|x64.ActiveCfg = Release|x64
		{E18239F5-6230-4990-9455-0D056537EF7E}.Release|x64.Build.0 = Release|x64
		{E18239F5-6230-4990-9455-0D056537EF7E}.Release|x86.ActiveCfg = Release|Win32
		{E18239F5-6230-4990-9455-0D056537EF7E}.Release|x86.Build.0 = Release|Win32
	EndGlobalSection
	GlobalSection(SolutionProperties) = preSolution
		HideSolutionNode = FALSE
	EndGlobalSection
	GlobalSection(ExtensibilityGlobals) = postSolution
		SolutionGuid = {02884EE9-E6B0-4DF6-840B-FC7F82B82C82}
	EndGlobalSection
EndGlobal
